// !$*UTF8*$!
{
	archiveVersion = 1;
	classes = {
	};
	objectVersion = 60;
	objects = {

/* Begin PBXBuildFile section */
		100000000000000000000101 /* ACLoggingCatalogApp.swift in Sources */ = {isa = PBXBuildFile; fileRef = 100000000000000000000001 /* ACLoggingCatalogApp.swift */; };
		100000000000000000000102 /* CatalogRootView.swift in Sources */ = {isa = PBXBuildFile; fileRef = 100000000000000000000002 /* CatalogRootView.swift */; };
		100000000000000000000103 /* CatalogComponents.swift in Sources */ = {isa = PBXBuildFile; fileRef = 100000000000000000000003 /* CatalogComponents.swift */; };
		100000000000000000000104 /* OverviewView.swift in Sources */ = {isa = PBXBuildFile; fileRef = 100000000000000000000004 /* OverviewView.swift */; };
		100000000000000000000105 /* EventScenariosView.swift in Sources */ = {isa = PBXBuildFile; fileRef = 100000000000000000000005 /* EventScenariosView.swift */; };
		100000000000000000000106 /* IdentitySubjectView.swift in Sources */ = {isa = PBXBuildFile; fileRef = 100000000000000000000006 /* IdentitySubjectView.swift */; };
		100000000000000000000107 /* ScreenLifecycleDemoView.swift in Sources */ = {isa = PBXBuildFile; fileRef = 100000000000000000000007 /* ScreenLifecycleDemoView.swift */; };
		100000000000000000000108 /* AdaptersView.swift in Sources */ = {isa = PBXBuildFile; fileRef = 100000000000000000000008 /* AdaptersView.swift */; };
		100000000000000000000109 /* ConsoleView.swift in Sources */ = {isa = PBXBuildFile; fileRef = 100000000000000000000009 /* ConsoleView.swift */; };
		100000000000000000000110 /* CatalogLogEntry.swift in Sources */ = {isa = PBXBuildFile; fileRef = 100000000000000000000010 /* CatalogLogEntry.swift */; };
		100000000000000000000111 /* CatalogLogStore.swift in Sources */ = {isa = PBXBuildFile; fileRef = 100000000000000000000011 /* CatalogLogStore.swift */; };
		100000000000000000000112 /* CatalogRecordingLogService.swift in Sources */ = {isa = PBXBuildFile; fileRef = 100000000000000000000012 /* CatalogRecordingLogService.swift */; };
		100000000000000000000113 /* CatalogDemoEvent.swift in Sources */ = {isa = PBXBuildFile; fileRef = 100000000000000000000013 /* CatalogDemoEvent.swift */; };
		100000000000000000000114 /* CatalogScenario.swift in Sources */ = {isa = PBXBuildFile; fileRef = 100000000000000000000014 /* CatalogScenario.swift */; };
		B0A120CB2FACFF9A0008B48C /* ACLogging in Frameworks */ = {isa = PBXBuildFile; productRef = B0A120CA2FACFF9A0008B48C /* ACLogging */; };
		B0A120CD2FACFF9A0008B48C /* ACLoggingOSLog in Frameworks */ = {isa = PBXBuildFile; productRef = B0A120CC2FACFF9A0008B48C /* ACLoggingOSLog */; };
		B0A120CF2FACFF9A0008B48C /* ACLoggingSwiftUI in Frameworks */ = {isa = PBXBuildFile; productRef = B0A120CE2FACFF9A0008B48C /* ACLoggingSwiftUI */; };
		B0A120D12FACFF9A0008B48C /* ACLoggingTestSupport in Frameworks */ = {isa = PBXBuildFile; productRef = B0A120D02FACFF9A0008B48C /* ACLoggingTestSupport */; };
/* End PBXBuildFile section */

/* Begin PBXFileReference section */
		100000000000000000000001 /* ACLoggingCatalogApp.swift */ = {isa = PBXFileReference; lastKnownFileType = sourcecode.swift; path = ACLoggingCatalogApp.swift; sourceTree = "<group>"; };
		100000000000000000000002 /* CatalogRootView.swift */ = {isa = PBXFileReference; lastKnownFileType = sourcecode.swift; path = CatalogRootView.swift; sourceTree = "<group>"; };
		100000000000000000000003 /* CatalogComponents.swift */ = {isa = PBXFileReference; lastKnownFileType = sourcecode.swift; path = CatalogComponents.swift; sourceTree = "<group>"; };
		100000000000000000000004 /* OverviewView.swift */ = {isa = PBXFileReference; lastKnownFileType = sourcecode.swift; path = OverviewView.swift; sourceTree = "<group>"; };
		100000000000000000000005 /* EventScenariosView.swift */ = {isa = PBXFileReference; lastKnownFileType = sourcecode.swift; path = EventScenariosView.swift; sourceTree = "<group>"; };
		100000000000000000000006 /* IdentitySubjectView.swift */ = {isa = PBXFileReference; lastKnownFileType = sourcecode.swift; path = IdentitySubjectView.swift; sourceTree = "<group>"; };
		100000000000000000000007 /* ScreenLifecycleDemoView.swift */ = {isa = PBXFileReference; lastKnownFileType = sourcecode.swift; path = ScreenLifecycleDemoView.swift; sourceTree = "<group>"; };
		100000000000000000000008 /* AdaptersView.swift */ = {isa = PBXFileReference; lastKnownFileType = sourcecode.swift; path = AdaptersView.swift; sourceTree = "<group>"; };
		100000000000000000000009 /* ConsoleView.swift */ = {isa = PBXFileReference; lastKnownFileType = sourcecode.swift; path = ConsoleView.swift; sourceTree = "<group>"; };
		100000000000000000000010 /* CatalogLogEntry.swift */ = {isa = PBXFileReference; lastKnownFileType = sourcecode.swift; path = CatalogLogEntry.swift; sourceTree = "<group>"; };
		100000000000000000000011 /* CatalogLogStore.swift */ = {isa = PBXFileReference; lastKnownFileType = sourcecode.swift; path = CatalogLogStore.swift; sourceTree = "<group>"; };
		100000000000000000000012 /* CatalogRecordingLogService.swift */ = {isa = PBXFileReference; lastKnownFileType = sourcecode.swift; path = CatalogRecordingLogService.swift; sourceTree = "<group>"; };
		100000000000000000000013 /* CatalogDemoEvent.swift */ = {isa = PBXFileReference; lastKnownFileType = sourcecode.swift; path = CatalogDemoEvent.swift; sourceTree = "<group>"; };
		100000000000000000000014 /* CatalogScenario.swift */ = {isa = PBXFileReference; lastKnownFileType = sourcecode.swift; path = CatalogScenario.swift; sourceTree = "<group>"; };
		100000000000000000000015 /* Info.plist */ = {isa = PBXFileReference; lastKnownFileType = text.plist.xml; path = Info.plist; sourceTree = "<group>"; };
		100000000000000000000020 /* ACLoggingCatalog.app */ = {isa = PBXFileReference; explicitFileType = wrapper.application; includeInIndex = 0; path = ACLoggingCatalog.app; sourceTree = BUILT_PRODUCTS_DIR; };
/* End PBXFileReference section */

/* Begin PBXFrameworksBuildPhase section */
		100000000000000000000201 /* Frameworks */ = {
			isa = PBXFrameworksBuildPhase;
			buildActionMask = 2147483647;
			files = (
				B0A120D12FACFF9A0008B48C /* ACLoggingTestSupport in Frameworks */,
				B0A120CF2FACFF9A0008B48C /* ACLoggingSwiftUI in Frameworks */,
				B0A120CB2FACFF9A0008B48C /* ACLogging in Frameworks */,
				B0A120CD2FACFF9A0008B48C /* ACLoggingOSLog in Frameworks */,
			);
			runOnlyForDeploymentPostprocessing = 0;
		};
/* End PBXFrameworksBuildPhase section */

/* Begin PBXGroup section */
		100000000000000000000030 = {
			isa = PBXGroup;
			children = (
				100000000000000000000031 /* ACLoggingCatalog */,
				100000000000000000000032 /* Products */,
			);
			sourceTree = "<group>";
		};
		100000000000000000000031 /* ACLoggingCatalog */ = {
			isa = PBXGroup;
			children = (
				100000000000000000000001 /* ACLoggingCatalogApp.swift */,
				100000000000000000000002 /* CatalogRootView.swift */,
				100000000000000000000003 /* CatalogComponents.swift */,
				100000000000000000000004 /* OverviewView.swift */,
				100000000000000000000005 /* EventScenariosView.swift */,
				100000000000000000000006 /* IdentitySubjectView.swift */,
				100000000000000000000007 /* ScreenLifecycleDemoView.swift */,
				100000000000000000000008 /* AdaptersView.swift */,
				100000000000000000000009 /* ConsoleView.swift */,
				100000000000000000000010 /* CatalogLogEntry.swift */,
				100000000000000000000011 /* CatalogLogStore.swift */,
				100000000000000000000012 /* CatalogRecordingLogService.swift */,
				100000000000000000000013 /* CatalogDemoEvent.swift */,
				100000000000000000000014 /* CatalogScenario.swift */,
				100000000000000000000015 /* Info.plist */,
			);
			path = ACLoggingCatalog;
			sourceTree = "<group>";
		};
		100000000000000000000032 /* Products */ = {
			isa = PBXGroup;
			children = (
				100000000000000000000020 /* ACLoggingCatalog.app */,
			);
			name = Products;
			sourceTree = "<group>";
		};
/* End PBXGroup section */

/* Begin PBXNativeTarget section */
		100000000000000000000040 /* ACLoggingCatalog */ = {
			isa = PBXNativeTarget;
			buildConfigurationList = 100000000000000000000240 /* Build configuration list for PBXNativeTarget "ACLoggingCatalog" */;
			buildPhases = (
				100000000000000000000200 /* Sources */,
				100000000000000000000201 /* Frameworks */,
				100000000000000000000202 /* Resources */,
			);
			buildRules = (
			);
			dependencies = (
			);
			name = ACLoggingCatalog;
			packageProductDependencies = (
				B0A120CA2FACFF9A0008B48C /* ACLogging */,
				B0A120CC2FACFF9A0008B48C /* ACLoggingOSLog */,
				B0A120CE2FACFF9A0008B48C /* ACLoggingSwiftUI */,
				B0A120D02FACFF9A0008B48C /* ACLoggingTestSupport */,
			);
			productName = ACLoggingCatalog;
			productReference = 100000000000000000000020 /* ACLoggingCatalog.app */;
			productType = "com.apple.product-type.application";
		};
/* End PBXNativeTarget section */

/* Begin PBXProject section */
		100000000000000000000050 /* Project object */ = {
			isa = PBXProject;
			attributes = {
				BuildIndependentTargetsInParallel = 1;
				LastSwiftUpdateCheck = 1600;
				LastUpgradeCheck = 1600;
				TargetAttributes = {
					100000000000000000000040 = {
						CreatedOnToolsVersion = 16.0;
					};
				};
			};
			buildConfigurationList = 100000000000000000000230 /* Build configuration list for PBXProject "ACLoggingCatalog" */;
			compatibilityVersion = "Xcode 15.0";
			developmentRegion = en;
			hasScannedForEncodings = 0;
			knownRegions = (
				en,
				Base,
			);
			mainGroup = 100000000000000000000030;
			packageReferences = (
				B0A120C92FACFF9A0008B48C /* XCLocalSwiftPackageReference "../../../ACLogging" */,
			);
			productRefGroup = 100000000000000000000032 /* Products */;
			projectDirPath = "";
			projectRoot = "";
			targets = (
				100000000000000000000040 /* ACLoggingCatalog */,
			);
		};
/* End PBXProject section */

/* Begin PBXResourcesBuildPhase section */
		100000000000000000000202 /* Resources */ = {
			isa = PBXResourcesBuildPhase;
			buildActionMask = 2147483647;
			files = (
			);
			runOnlyForDeploymentPostprocessing = 0;
		};
/* End PBXResourcesBuildPhase section */

/* Begin PBXSourcesBuildPhase section */
		100000000000000000000200 /* Sources */ = {
			isa = PBXSourcesBuildPhase;
			buildActionMask = 2147483647;
			files = (
				100000000000000000000101 /* ACLoggingCatalogApp.swift in Sources */,
				100000000000000000000102 /* CatalogRootView.swift in Sources */,
				100000000000000000000103 /* CatalogComponents.swift in Sources */,
				100000000000000000000104 /* OverviewView.swift in Sources */,
				100000000000000000000105 /* EventScenariosView.swift in Sources */,
				100000000000000000000106 /* IdentitySubjectView.swift in Sources */,
				100000000000000000000107 /* ScreenLifecycleDemoView.swift in Sources */,
				100000000000000000000108 /* AdaptersView.swift in Sources */,
				100000000000000000000109 /* ConsoleView.swift in Sources */,
				100000000000000000000110 /* CatalogLogEntry.swift in Sources */,
				100000000000000000000111 /* CatalogLogStore.swift in Sources */,
				100000000000000000000112 /* CatalogRecordingLogService.swift in Sources */,
				100000000000000000000113 /* CatalogDemoEvent.swift in Sources */,
				100000000000000000000114 /* CatalogScenario.swift in Sources */,
			);
			runOnlyForDeploymentPostprocessing = 0;
		};
/* End PBXSourcesBuildPhase section */

/* Begin XCBuildConfiguration section */
		100000000000000000000210 /* Debug */ = {
			isa = XCBuildConfiguration;
			buildSettings = {
				ALWAYS_SEARCH_USER_PATHS = NO;
				CLANG_ANALYZER_NONNULL = YES;
				CLANG_ANALYZER_NUMBER_OBJECT_CONVERSION = YES_AGGRESSIVE;
				CLANG_CXX_LANGUAGE_STANDARD = "gnu++20";
				CLANG_ENABLE_MODULES = YES;
				CLANG_ENABLE_OBJC_ARC = YES;
				CLANG_ENABLE_OBJC_WEAK = YES;
				CLANG_WARN_BLOCK_CAPTURE_AUTORELEASING = YES;
				CLANG_WARN_BOOL_CONVERSION = YES;
				CLANG_WARN_COMMA = YES;
				CLANG_WARN_CONSTANT_CONVERSION = YES;
				CLANG_WARN_DEPRECATED_OBJC_IMPLEMENTATIONS = YES;
				CLANG_WARN_DIRECT_OBJC_ISA_USAGE = YES_ERROR;
				CLANG_WARN_DOCUMENTATION_COMMENTS = YES;
				CLANG_WARN_EMPTY_BODY = YES;
				CLANG_WARN_ENUM_CONVERSION = YES;
				CLANG_WARN_INFINITE_RECURSION = YES;
				CLANG_WARN_INT_CONVERSION = YES;
				CLANG_WARN_NON_LITERAL_NULL_CONVERSION = YES;
				CLANG_WARN_OBJC_IMPLICIT_RETAIN_SELF = YES;
				CLANG_WARN_OBJC_LITERAL_CONVERSION = YES;
				CLANG_WARN_OBJC_ROOT_CLASS = YES_ERROR;
				CLANG_WARN_QUOTED_INCLUDE_IN_FRAMEWORK_HEADER = YES;
				CLANG_WARN_RANGE_LOOP_ANALYSIS = YES;
				CLANG_WARN_STRICT_PROTOTYPES = YES;
				CLANG_WARN_SUSPICIOUS_MOVE = YES;
				CLANG_WARN_UNGUARDED_AVAILABILITY = YES_AGGRESSIVE;
				CLANG_WARN_UNREACHABLE_CODE = YES;
				CLANG_WARN__DUPLICATE_METHOD_MATCH = YES;
				COPY_PHASE_STRIP = NO;
				DEBUG_INFORMATION_FORMAT = dwarf;
				ENABLE_STRICT_OBJC_MSGSEND = YES;
				ENABLE_TESTABILITY = YES;
				GCC_C_LANGUAGE_STANDARD = gnu17;
				GCC_DYNAMIC_NO_PIC = NO;
				GCC_NO_COMMON_BLOCKS = YES;
				GCC_OPTIMIZATION_LEVEL = 0;
				GCC_PREPROCESSOR_DEFINITIONS = (
					"DEBUG=1",
					"$(inherited)",
				);
				GCC_WARN_64_TO_32_BIT_CONVERSION = YES;
				GCC_WARN_ABOUT_RETURN_TYPE = YES_ERROR;
				GCC_WARN_UNDECLARED_SELECTOR = YES;
				GCC_WARN_UNINITIALIZED_AUTOS = YES_AGGRESSIVE;
				GCC_WARN_UNUSED_FUNCTION = YES;
				GCC_WARN_UNUSED_VARIABLE = YES;
				IPHONEOS_DEPLOYMENT_TARGET = 17.0;
				MTL_ENABLE_DEBUG_INFO = INCLUDE_SOURCE;
				MTL_FAST_MATH = YES;
				ONLY_ACTIVE_ARCH = YES;
				SDKROOT = iphoneos;
				SWIFT_ACTIVE_COMPILATION_CONDITIONS = DEBUG;
				SWIFT_OPTIMIZATION_LEVEL = "-Onone";
			};
			name = Debug;
		};
		100000000000000000000211 /* Release */ = {
			isa = XCBuildConfiguration;
			buildSettings = {
				ALWAYS_SEARCH_USER_PATHS = NO;
				CLANG_ANALYZER_NONNULL = YES;
				CLANG_ANALYZER_NUMBER_OBJECT_CONVERSION = YES_AGGRESSIVE;
				CLANG_CXX_LANGUAGE_STANDARD = "gnu++20";
				CLANG_ENABLE_MODULES = YES;
				CLANG_ENABLE_OBJC_ARC = YES;
				CLANG_ENABLE_OBJC_WEAK = YES;
				CLANG_WARN_BLOCK_CAPTURE_AUTORELEASING = YES;
				CLANG_WARN_BOOL_CONVERSION = YES;
				CLANG_WARN_COMMA = YES;
				CLANG_WARN_CONSTANT_CONVERSION = YES;
				CLANG_WARN_DEPRECATED_OBJC_IMPLEMENTATIONS = YES;
				CLANG_WARN_DIRECT_OBJC_ISA_USAGE = YES_ERROR;
				CLANG_WARN_DOCUMENTATION_COMMENTS = YES;
				CLANG_WARN_EMPTY_BODY = YES;
				CLANG_WARN_ENUM_CONVERSION = YES;
				CLANG_WARN_INFINITE_RECURSION = YES;
				CLANG_WARN_INT_CONVERSION = YES;
				CLANG_WARN_NON_LITERAL_NULL_CONVERSION = YES;
				CLANG_WARN_OBJC_IMPLICIT_RETAIN_SELF = YES;
				CLANG_WARN_OBJC_LITERAL_CONVERSION = YES;
				CLANG_WARN_OBJC_ROOT_CLASS = YES_ERROR;
				CLANG_WARN_QUOTED_INCLUDE_IN_FRAMEWORK_HEADER = YES;
				CLANG_WARN_RANGE_LOOP_ANALYSIS = YES;
				CLANG_WARN_STRICT_PROTOTYPES = YES;
				CLANG_WARN_SUSPICIOUS_MOVE = YES;
				CLANG_WARN_UNGUARDED_AVAILABILITY = YES_AGGRESSIVE;
				CLANG_WARN_UNREACHABLE_CODE = YES;
				CLANG_WARN__DUPLICATE_METHOD_MATCH = YES;
				COPY_PHASE_STRIP = NO;
				DEBUG_INFORMATION_FORMAT = "dwarf-with-dsym";
				ENABLE_NS_ASSERTIONS = NO;
				ENABLE_STRICT_OBJC_MSGSEND = YES;
				GCC_C_LANGUAGE_STANDARD = gnu17;
				GCC_NO_COMMON_BLOCKS = YES;
				GCC_WARN_64_TO_32_BIT_CONVERSION = YES;
				GCC_WARN_ABOUT_RETURN_TYPE = YES_ERROR;
				GCC_WARN_UNDECLARED_SELECTOR = YES;
				GCC_WARN_UNINITIALIZED_AUTOS = YES_AGGRESSIVE;
				GCC_WARN_UNUSED_FUNCTION = YES;
				GCC_WARN_UNUSED_VARIABLE = YES;
				IPHONEOS_DEPLOYMENT_TARGET = 17.0;
				MTL_ENABLE_DEBUG_INFO = NO;
				MTL_FAST_MATH = YES;
				SDKROOT = iphoneos;
				SWIFT_COMPILATION_MODE = wholemodule;
				VALIDATE_PRODUCT = YES;
			};
			name = Release;
		};
		100000000000000000000220 /* Debug */ = {
			isa = XCBuildConfiguration;
			buildSettings = {
				ASSETCATALOG_COMPILER_APPICON_NAME = AppIcon;
				CODE_SIGN_STYLE = Automatic;
				CURRENT_PROJECT_VERSION = 1;
				DEVELOPMENT_TEAM = "";
				GENERATE_INFOPLIST_FILE = NO;
				INFOPLIST_FILE = ACLoggingCatalog/Info.plist;
				INFOPLIST_KEY_CFBundleDisplayName = "ACLogging Catalog";
				IPHONEOS_DEPLOYMENT_TARGET = 17.0;
				LD_RUNPATH_SEARCH_PATHS = (
					"$(inherited)",
					"@executable_path/Frameworks",
				);
				MARKETING_VERSION = 1.0;
				PRODUCT_BUNDLE_IDENTIFIER = com.antoniocasto.ACLoggingCatalog;
				PRODUCT_NAME = "$(TARGET_NAME)";
				SWIFT_EMIT_LOC_STRINGS = YES;
				SWIFT_STRICT_CONCURRENCY = complete;
				SWIFT_VERSION = 6.0;
				TARGETED_DEVICE_FAMILY = "1,2";
			};
			name = Debug;
		};
		100000000000000000000221 /* Release */ = {
			isa = XCBuildConfiguration;
			buildSettings = {
				ASSETCATALOG_COMPILER_APPICON_NAME = AppIcon;
				CODE_SIGN_STYLE = Automatic;
				CURRENT_PROJECT_VERSION = 1;
				DEVELOPMENT_TEAM = "";
				GENERATE_INFOPLIST_FILE = NO;
				INFOPLIST_FILE = ACLoggingCatalog/Info.plist;
				INFOPLIST_KEY_CFBundleDisplayName = "ACLogging Catalog";
				IPHONEOS_DEPLOYMENT_TARGET = 17.0;
				LD_RUNPATH_SEARCH_PATHS = (
					"$(inherited)",
					"@executable_path/Frameworks",
				);
				MARKETING_VERSION = 1.0;
				PRODUCT_BUNDLE_IDENTIFIER = com.antoniocasto.ACLoggingCatalog;
				PRODUCT_NAME = "$(TARGET_NAME)";
				SWIFT_EMIT_LOC_STRINGS = YES;
				SWIFT_STRICT_CONCURRENCY = complete;
				SWIFT_VERSION = 6.0;
				TARGETED_DEVICE_FAMILY = "1,2";
			};
			name = Release;
		};
/* End XCBuildConfiguration section */

/* Begin XCConfigurationList section */
		100000000000000000000230 /* Build configuration list for PBXProject "ACLoggingCatalog" */ = {
			isa = XCConfigurationList;
			buildConfigurations = (
				100000000000000000000210 /* Debug */,
				100000000000000000000211 /* Release */,
			);
			defaultConfigurationIsVisible = 0;
			defaultConfigurationName = Release;
		};
		100000000000000000000240 /* Build configuration list for PBXNativeTarget "ACLoggingCatalog" */ = {
			isa = XCConfigurationList;
			buildConfigurations = (
				100000000000000000000220 /* Debug */,
				100000000000000000000221 /* Release */,
			);
			defaultConfigurationIsVisible = 0;
			defaultConfigurationName = Release;
		};
/* End XCConfigurationList section */

/* Begin XCLocalSwiftPackageReference section */
		B0A120C92FACFF9A0008B48C /* XCLocalSwiftPackageReference "../../../ACLogging" */ = {
			isa = XCLocalSwiftPackageReference;
			relativePath = ../../../ACLogging;
		};
/* End XCLocalSwiftPackageReference section */

/* Begin XCSwiftPackageProductDependency section */
		B0A120CA2FACFF9A0008B48C /* ACLogging */ = {
			isa = XCSwiftPackageProductDependency;
			package = B0A120C92FACFF9A0008B48C /* XCLocalSwiftPackageReference "../../../ACLogging" */;
			productName = ACLogging;
		};
		B0A120CC2FACFF9A0008B48C /* ACLoggingOSLog */ = {
			isa = XCSwiftPackageProductDependency;
			package = B0A120C92FACFF9A0008B48C /* XCLocalSwiftPackageReference "../../../ACLogging" */;
			productName = ACLoggingOSLog;
		};
		B0A120CE2FACFF9A0008B48C /* ACLoggingSwiftUI */ = {
			isa = XCSwiftPackageProductDependency;
			package = B0A120C92FACFF9A0008B48C /* XCLocalSwiftPackageReference "../../../ACLogging" */;
			productName = ACLoggingSwiftUI;
		};
		B0A120D02FACFF9A0008B48C /* ACLoggingTestSupport */ = {
			isa = XCSwiftPackageProductDependency;
			package = B0A120C92FACFF9A0008B48C /* XCLocalSwiftPackageReference "../../../ACLogging" */;
			productName = ACLoggingTestSupport;
		};
/* End XCSwiftPackageProductDependency section */
	};
	rootObject = 100000000000000000000050 /* Project object */;
}
